
Microsoft Visual Studio Solution File, Format Version 12.00
# Visual Studio Version 16
VisualStudioVersion = 16.0.31911.196
MinimumVisualStudioVersion = 10.0.40219.1
Project("{FAE04EC0-301F-11D3-BF4B-00C04F79EFBC}") = "HegyekMo", "HegyekMo\HegyekMo.csproj", "{05013DA7-E8CC-402E-953D-08F9CAC45F77}"
EndProject
Global
	GlobalSection(SolutionConfigurationPlatforms) = preSolution
		Debug|Any CPU = Debug|Any CPU
		Release|Any CPU = Release|Any CPU
	EndGlobalSection
	GlobalSection(ProjectConfigurationPlatforms) = postSolution
		{05013DA7-E8CC-402E-953D-08F9CAC45F77}.Debug|Any CPU.ActiveCfg = Debug|Any CPU
		{05013DA7-E8CC-402E-953D-08F9CAC45F77}.Debug|Any CPU.Build.0 = Debug|Any CPU
		{05013DA7-E8CC-402E-953D-08F9CAC45F77}.Release|Any CPU.ActiveCfg = Release|Any CPU
		{05013DA7-E8CC-402E-953D-08F9CAC45F77}.Release|Any CPU.Build.0 = Release|Any CPU
	EndGlobalSection
	GlobalSection(SolutionProperties) = preSolution
		HideSolutionNode = FALSE
	EndGlobalSection
	GlobalSection(ExtensibilityGlobals) = postSolution
		SolutionGuid = {9AB7F1D5-6F84-43B2-A5B7-7395564B5102}
	EndGlobalSection
EndGlobal
